{
    "name": "@react-xx-cli/core",
    "version": "1.0.2",
    "lockfileVersion": 2,
    "requires": true,
    "packages": {
        "": {
            "name": "@react-xx-cli/core",
            "version": "1.0.2",
            "license": "ISC",
            "dependencies": {
                "@react-xx-cli/utils": "file:../utils"
            },
            "bin": {
                "react-xx-cli": "bin/index.js"
            }
        },
        "../utils": {
            "version": "1.0.1",
            "license": "ISC"
        },
        "node_modules/@react-xx-cli/utils": {
            "resolved": "../utils",
            "link": true
        }
    },
    "dependencies": {
        "@react-xx-cli/utils": {
            "version": "file:../utils"
        }
    }
}
